
Microsoft Visual Studio Solution File, Format Version 12.00
# Visual Studio Version 16
VisualStudioVersion = 16.0.29920.165
MinimumVisualStudioVersion = 10.0.40219.1
Project("{8BC9CEB8-8B4A-11D0-8D11-00A0C91BC942}") = "3DGraphicsEngine", "3DGraphicsEngine\3DGraphicsEngine.vcxproj", "{9CED9EBC-4B38-4E7C-9C87-B29DF32B0D69}"
EndProject
Project("{8BC9CEB8-8B4A-11D0-8D11-00A0C91BC942}") = "ComponentEngine", "ComponentEngine\ComponentEngine.vcxproj", "{84E87B4F-C489-4867-87A7-35874D63E6F3}"
EndProject
Project("{8BC9CEB8-8B4A-11D0-8D11-00A0C91BC942}") = "PhysXLib", "PhysXLib\PhysXLib.vcxproj", "{5F86A60A-E514-45E1-83B0-9DC0430F0CD8}"
EndProject
Project("{8BC9CEB8-8B4A-11D0-8D11-00A0C91BC942}") = "IOCP", "..\IOCP\IOCP\IOCP.vcxproj", "{9646D218-7CEB-4B24-9BF6-BA9CE8A264C5}"
EndProject
Project("{8BC9CEB8-8B4A-11D0-8D11-00A0C91BC942}") = "TestBuild", "TestBuild\TestBuild.vcxproj", "{A4220888-D111-4D24-82EF-B629C45F1BD6}"
	ProjectSection(ProjectDependencies) = postProject
		{9CED9EBC-4B38-4E7C-9C87-B29DF32B0D69} = {9CED9EBC-4B38-4E7C-9C87-B29DF32B0D69}
	EndProjectSection
EndProject
Project("{8BC9CEB8-8B4A-11D0-8D11-00A0C91BC942}") = "Map_Editor", "Map_Editor\Map_Editor.vcxproj", "{A8BFA184-06E6-4475-B538-1B1174C65355}"
	ProjectSection(ProjectDependencies) = postProject
		{9CED9EBC-4B38-4E7C-9C87-B29DF32B0D69} = {9CED9EBC-4B38-4E7C-9C87-B29DF32B0D69}
	EndProjectSection
EndProject
Project("{8BC9CEB8-8B4A-11D0-8D11-00A0C91BC942}") = "Dhampir_ver2", "Dhampir_ver2\Dhampir_ver2.vcxproj", "{903ACA3A-2E99-486A-9451-54644A04A193}"
	ProjectSection(ProjectDependencies) = postProject
		{5F86A60A-E514-45E1-83B0-9DC0430F0CD8} = {5F86A60A-E514-45E1-83B0-9DC0430F0CD8}
		{9646D218-7CEB-4B24-9BF6-BA9CE8A264C5} = {9646D218-7CEB-4B24-9BF6-BA9CE8A264C5}
		{84E87B4F-C489-4867-87A7-35874D63E6F3} = {84E87B4F-C489-4867-87A7-35874D63E6F3}
		{9CED9EBC-4B38-4E7C-9C87-B29DF32B0D69} = {9CED9EBC-4B38-4E7C-9C87-B29DF32B0D69}
	EndProjectSection
EndProject
Project("{8BC9CEB8-8B4A-11D0-8D11-00A0C91BC942}") = "GameEditor", "ComponentEditor\ComponentEditor.vcxproj", "{E393BCE9-675D-4F12-99D3-B1032037DD88}"
	ProjectSection(ProjectDependencies) = postProject
		{5F86A60A-E514-45E1-83B0-9DC0430F0CD8} = {5F86A60A-E514-45E1-83B0-9DC0430F0CD8}
		{84E87B4F-C489-4867-87A7-35874D63E6F3} = {84E87B4F-C489-4867-87A7-35874D63E6F3}
		{9CED9EBC-4B38-4E7C-9C87-B29DF32B0D69} = {9CED9EBC-4B38-4E7C-9C87-B29DF32B0D69}
	EndProjectSection
EndProject
Global
	GlobalSection(SolutionConfigurationPlatforms) = preSolution
		Debug|x64 = Debug|x64
		Debug|x86 = Debug|x86
		Release|x64 = Release|x64
		Release|x86 = Release|x86
	EndGlobalSection
	GlobalSection(ProjectConfigurationPlatforms) = postSolution
		{9CED9EBC-4B38-4E7C-9C87-B29DF32B0D69}.Debug|x64.ActiveCfg = Debug|x64
		{9CED9EBC-4B38-4E7C-9C87-B29DF32B0D69}.Debug|x64.Build.0 = Debug|x64
		{9CED9EBC-4B38-4E7C-9C87-B29DF32B0D69}.Debug|x86.ActiveCfg = Debug|Win32
		{9CED9EBC-4B38-4E7C-9C87-B29DF32B0D69}.Debug|x86.Build.0 = Debug|Win32
		{9CED9EBC-4B38-4E7C-9C87-B29DF32B0D69}.Release|x64.ActiveCfg = Release|x64
		{9CED9EBC-4B38-4E7C-9C87-B29DF32B0D69}.Release|x64.Build.0 = Release|x64
		{9CED9EBC-4B38-4E7C-9C87-B29DF32B0D69}.Release|x86.ActiveCfg = Release|Win32
		{9CED9EBC-4B38-4E7C-9C87-B29DF32B0D69}.Release|x86.Build.0 = Release|Win32
		{84E87B4F-C489-4867-87A7-35874D63E6F3}.Debug|x64.ActiveCfg = Debug|x64
		{84E87B4F-C489-4867-87A7-35874D63E6F3}.Debug|x64.Build.0 = Debug|x64
		{84E87B4F-C489-4867-87A7-35874D63E6F3}.Debug|x86.ActiveCfg = Debug|Win32
		{84E87B4F-C489-4867-87A7-35874D63E6F3}.Debug|x86.Build.0 = Debug|Win32
		{84E87B4F-C489-4867-87A7-35874D63E6F3}.Release|x64.ActiveCfg = Release|x64
		{84E87B4F-C489-4867-87A7-35874D63E6F3}.Release|x64.Build.0 = Release|x64
		{84E87B4F-C489-4867-87A7-35874D63E6F3}.Release|x86.ActiveCfg = Release|Win32
		{84E87B4F-C489-4867-87A7-35874D63E6F3}.Release|x86.Build.0 = Release|Win32
		{5F86A60A-E514-45E1-83B0-9DC0430F0CD8}.Debug|x64.ActiveCfg = Debug|x64
		{5F86A60A-E514-45E1-83B0-9DC0430F0CD8}.Debug|x64.Build.0 = Debug|x64
		{5F86A60A-E514-45E1-83B0-9DC0430F0CD8}.Debug|x86.ActiveCfg = Debug|Win32
		{5F86A60A-E514-45E1-83B0-9DC0430F0CD8}.Debug|x86.Build.0 = Debug|Win32
		{5F86A60A-E514-45E1-83B0-9DC0430F0CD8}.Release|x64.ActiveCfg = Release|x64
		{5F86A60A-E514-45E1-83B0-9DC0430F0CD8}.Release|x64.Build.0 = Release|x64
		{5F86A60A-E514-45E1-83B0-9DC0430F0CD8}.Release|x86.ActiveCfg = Release|Win32
		{5F86A60A-E514-45E1-83B0-9DC0430F0CD8}.Release|x86.Build.0 = Release|Win32
		{9646D218-7CEB-4B24-9BF6-BA9CE8A264C5}.Debug|x64.ActiveCfg = Debug|x64
		{9646D218-7CEB-4B24-9BF6-BA9CE8A264C5}.Debug|x64.Build.0 = Debug|x64
		{9646D218-7CEB-4B24-9BF6-BA9CE8A264C5}.Debug|x86.ActiveCfg = Debug|Win32
		{9646D218-7CEB-4B24-9BF6-BA9CE8A264C5}.Debug|x86.Build.0 = Debug|Win32
		{9646D218-7CEB-4B24-9BF6-BA9CE8A264C5}.Release|x64.ActiveCfg = Release|x64
		{9646D218-7CEB-4B24-9BF6-BA9CE8A264C5}.Release|x64.Build.0 = Release|x64
		{9646D218-7CEB-4B24-9BF6-BA9CE8A264C5}.Release|x86.ActiveCfg = Release|Win32
		{9646D218-7CEB-4B24-9BF6-BA9CE8A264C5}.Release|x86.Build.0 = Release|Win32
		{A4220888-D111-4D24-82EF-B629C45F1BD6}.Debug|x64.ActiveCfg = Debug|Win32
		{A4220888-D111-4D24-82EF-B629C45F1BD6}.Debug|x86.ActiveCfg = Debug|Win32
		{A4220888-D111-4D24-82EF-B629C45F1BD6}.Debug|x86.Build.0 = Debug|Win32
		{A4220888-D111-4D24-82EF-B629C45F1BD6}.Release|x64.ActiveCfg = Release|Win32
		{A4220888-D111-4D24-82EF-B629C45F1BD6}.Release|x86.ActiveCfg = Release|Win32
		{A4220888-D111-4D24-82EF-B629C45F1BD6}.Release|x86.Build.0 = Release|Win32
		{A8BFA184-06E6-4475-B538-1B1174C65355}.Debug|x64.ActiveCfg = Debug|Win32
		{A8BFA184-06E6-4475-B538-1B1174C65355}.Debug|x86.ActiveCfg = Debug|Win32
		{A8BFA184-06E6-4475-B538-1B1174C65355}.Debug|x86.Build.0 = Debug|Win32
		{A8BFA184-06E6-4475-B538-1B1174C65355}.Release|x64.ActiveCfg = Release|Win32
		{A8BFA184-06E6-4475-B538-1B1174C65355}.Release|x86.ActiveCfg = Release|Win32
		{A8BFA184-06E6-4475-B538-1B1174C65355}.Release|x86.Build.0 = Release|Win32
		{903ACA3A-2E99-486A-9451-54644A04A193}.Debug|x64.ActiveCfg = Debug|Win32
		{903ACA3A-2E99-486A-9451-54644A04A193}.Debug|x86.ActiveCfg = Debug|Win32
		{903ACA3A-2E99-486A-9451-54644A04A193}.Debug|x86.Build.0 = Debug|Win32
		{903ACA3A-2E99-486A-9451-54644A04A193}.Release|x64.ActiveCfg = Release|Win32
		{903ACA3A-2E99-486A-9451-54644A04A193}.Release|x86.ActiveCfg = Release|Win32
		{903ACA3A-2E99-486A-9451-54644A04A193}.Release|x86.Build.0 = Release|Win32
		{E393BCE9-675D-4F12-99D3-B1032037DD88}.Debug|x64.ActiveCfg = Debug|x64
		{E393BCE9-675D-4F12-99D3-B1032037DD88}.Debug|x64.Build.0 = Debug|x64
		{E393BCE9-675D-4F12-99D3-B1032037DD88}.Debug|x86.ActiveCfg = Debug|Win32
		{E393BCE9-675D-4F12-99D3-B1032037DD88}.Debug|x86.Build.0 = Debug|Win32
		{E393BCE9-675D-4F12-99D3-B1032037DD88}.Release|x64.ActiveCfg = Release|x64
		{E393BCE9-675D-4F12-99D3-B1032037DD88}.Release|x64.Build.0 = Release|x64
		{E393BCE9-675D-4F12-99D3-B1032037DD88}.Release|x86.ActiveCfg = Release|Win32
		{E393BCE9-675D-4F12-99D3-B1032037DD88}.Release|x86.Build.0 = Release|Win32
	EndGlobalSection
	GlobalSection(SolutionProperties) = preSolution
		HideSolutionNode = FALSE
	EndGlobalSection
	GlobalSection(ExtensibilityGlobals) = postSolution
		SolutionGuid = {209AE1CD-9859-46AA-B388-F045B2F3B836}
	EndGlobalSection
EndGlobal
